// !$*UTF8*$!
{
	archiveVersion = 1;
	classes = {
	};
	objectVersion = 56;
	objects = {

/* Begin PBXBuildFile section */
		84B6178D2717B738272B8152 /* Pods_ArtBridgeTests.framework in Frameworks */ = {isa = PBXBuildFile; fileRef = F06E197DBFE271768FEE19BD /* Pods_ArtBridgeTests.framework */; };
		951492F829C715F2003BB8FC /* ProfileView.swift in Sources */ = {isa = PBXBuildFile; fileRef = 951492F729C715F2003BB8FC /* ProfileView.swift */; };
		951492FC29C763FF003BB8FC /* ProfileVM.swift in Sources */ = {isa = PBXBuildFile; fileRef = 951492FB29C763FF003BB8FC /* ProfileVM.swift */; };
		9514931929C9E919003BB8FC /* ChatListView.swift in Sources */ = {isa = PBXBuildFile; fileRef = 9514931829C9E919003BB8FC /* ChatListView.swift */; };
		953587B229BF50C4006CBA19 /* UserService.swift in Sources */ = {isa = PBXBuildFile; fileRef = 953587B129BF50C4006CBA19 /* UserService.swift */; };
		954ADC40299B86C000C715F8 /* UserVM.swift in Sources */ = {isa = PBXBuildFile; fileRef = 954ADC3F299B86C000C715F8 /* UserVM.swift */; };
		9561FC62298D25D900DFFB8A /* BoardListView.swift in Sources */ = {isa = PBXBuildFile; fileRef = 9561FC61298D25D900DFFB8A /* BoardListView.swift */; };
		9573B471299224D800732B70 /* RegisterView.swift in Sources */ = {isa = PBXBuildFile; fileRef = 9573B470299224D800732B70 /* RegisterView.swift */; };
		9579BE3A299105B100785E2E /* BoardEditView.swift in Sources */ = {isa = PBXBuildFile; fileRef = 9579BE39299105B100785E2E /* BoardEditView.swift */; };
		957BF9DF2987DC9D007D9367 /* MyPageView.swift in Sources */ = {isa = PBXBuildFile; fileRef = 957BF9DE2987DC9D007D9367 /* MyPageView.swift */; };
		957E46782985E3F200B61B12 /* LoginView.swift in Sources */ = {isa = PBXBuildFile; fileRef = 957E46772985E3F200B61B12 /* LoginView.swift */; };
		957E46882987A18900B61B12 /* PrevPostsView.swift in Sources */ = {isa = PBXBuildFile; fileRef = 957E46872987A18900B61B12 /* PrevPostsView.swift */; };
		9582210A29CAC74D009964FD /* DateManager.swift in Sources */ = {isa = PBXBuildFile; fileRef = 9582210929CAC74D009964FD /* DateManager.swift */; };
		959A806F299E67AF00D0EDAF /* ChatData.swift in Sources */ = {isa = PBXBuildFile; fileRef = 959A806E299E67AF00D0EDAF /* ChatData.swift */; };
		959A8077299E7B4C00D0EDAF /* AuthVM.swift in Sources */ = {isa = PBXBuildFile; fileRef = 959A8076299E7B4C00D0EDAF /* AuthVM.swift */; };
		95A1ADF029C9EC7D00BDA25C /* ChatListVM.swift in Sources */ = {isa = PBXBuildFile; fileRef = 95A1ADEF29C9EC7D00BDA25C /* ChatListVM.swift */; };
		95A1ADF229C9ED5A00BDA25C /* ChatRoom.swift in Sources */ = {isa = PBXBuildFile; fileRef = 95A1ADF129C9ED5A00BDA25C /* ChatRoom.swift */; };
		95A1ADF429C9F49A00BDA25C /* ChatView.swift in Sources */ = {isa = PBXBuildFile; fileRef = 95A1ADF329C9F49A00BDA25C /* ChatView.swift */; };
		95A1ADF629C9F79A00BDA25C /* ChatVM.swift in Sources */ = {isa = PBXBuildFile; fileRef = 95A1ADF529C9F79A00BDA25C /* ChatVM.swift */; };
		95A1ADF829C9FA1300BDA25C /* Message.swift in Sources */ = {isa = PBXBuildFile; fileRef = 95A1ADF729C9FA1300BDA25C /* Message.swift */; };
		95AC51DE29BB12A800F7CBED /* PostService.swift in Sources */ = {isa = PBXBuildFile; fileRef = 95AC51DD29BB12A800F7CBED /* PostService.swift */; };
		95AC51E029BB183400F7CBED /* Post.swift in Sources */ = {isa = PBXBuildFile; fileRef = 95AC51DF29BB183400F7CBED /* Post.swift */; };
		95AC51E229BB479700F7CBED /* User.swift in Sources */ = {isa = PBXBuildFile; fileRef = 95AC51E129BB479700F7CBED /* User.swift */; };
		95AC51E429BB4C2600F7CBED /* ImageService.swift in Sources */ = {isa = PBXBuildFile; fileRef = 95AC51E329BB4C2600F7CBED /* ImageService.swift */; };
		95AC51E629BB803400F7CBED /* LoadingIndicator.swift in Sources */ = {isa = PBXBuildFile; fileRef = 95AC51E529BB803400F7CBED /* LoadingIndicator.swift */; };
		95B390402994F6120048B80A /* RegisterVM.swift in Sources */ = {isa = PBXBuildFile; fileRef = 95B3903F2994F6120048B80A /* RegisterVM.swift */; };
		95B39939298A5B0A00E7BD3D /* BoardView.swift in Sources */ = {isa = PBXBuildFile; fileRef = 95B39938298A5B0A00E7BD3D /* BoardView.swift */; };
		95B39943298A5F0600E7BD3D /* PostVM.swift in Sources */ = {isa = PBXBuildFile; fileRef = 95B39942298A5F0600E7BD3D /* PostVM.swift */; };
		95C84D77298F858B0023C412 /* BoardCreateView.swift in Sources */ = {isa = PBXBuildFile; fileRef = 95C84D76298F858B0023C412 /* BoardCreateView.swift */; };
		95D993C429BEF5FF009C4FB4 /* GoogleService-Info.plist in Resources */ = {isa = PBXBuildFile; fileRef = 95D993C329BEF5FF009C4FB4 /* GoogleService-Info.plist */; };
		95D993C629BEFC6A009C4FB4 /* Comment.swift in Sources */ = {isa = PBXBuildFile; fileRef = 95D993C529BEFC6A009C4FB4 /* Comment.swift */; };
		95E72DAC29C1979D002FDFA1 /* CommentEditView.swift in Sources */ = {isa = PBXBuildFile; fileRef = 95E72DAB29C1979D002FDFA1 /* CommentEditView.swift */; };
		95E8717429850D4D00096049 /* ArtBridgeApp.swift in Sources */ = {isa = PBXBuildFile; fileRef = 95E8717329850D4D00096049 /* ArtBridgeApp.swift */; };
		95E8717629850D4D00096049 /* ContentView.swift in Sources */ = {isa = PBXBuildFile; fileRef = 95E8717529850D4D00096049 /* ContentView.swift */; };
		95E8717829850D4E00096049 /* Assets.xcassets in Resources */ = {isa = PBXBuildFile; fileRef = 95E8717729850D4E00096049 /* Assets.xcassets */; };
		95E8717B29850D4E00096049 /* Preview Assets.xcassets in Resources */ = {isa = PBXBuildFile; fileRef = 95E8717A29850D4E00096049 /* Preview Assets.xcassets */; };
		95E8718529850D4E00096049 /* ArtBridgeTests.swift in Sources */ = {isa = PBXBuildFile; fileRef = 95E8718429850D4E00096049 /* ArtBridgeTests.swift */; };
		95E8718F29850D4E00096049 /* ArtBridgeUITests.swift in Sources */ = {isa = PBXBuildFile; fileRef = 95E8718E29850D4E00096049 /* ArtBridgeUITests.swift */; };
		95E8719129850D4E00096049 /* ArtBridgeUITestsLaunchTests.swift in Sources */ = {isa = PBXBuildFile; fileRef = 95E8719029850D4E00096049 /* ArtBridgeUITestsLaunchTests.swift */; };
		95F617CA29A8B3CC00C40E1C /* ImagePicker.swift in Sources */ = {isa = PBXBuildFile; fileRef = 95F617C929A8B3CC00C40E1C /* ImagePicker.swift */; };
		DF9A38B8B5C97FD97E28CF4C /* Pods_ArtBridge_ArtBridgeUITests.framework in Frameworks */ = {isa = PBXBuildFile; fileRef = 09BFB2D5F2B5FD3FEFE7E89E /* Pods_ArtBridge_ArtBridgeUITests.framework */; };
		F1A4D8CB3D56C0ED17F4B88D /* Pods_ArtBridge.framework in Frameworks */ = {isa = PBXBuildFile; fileRef = C0A19C5A46F5B57938310974 /* Pods_ArtBridge.framework */; };
/* End PBXBuildFile section */

/* Begin PBXContainerItemProxy section */
		95E8718129850D4E00096049 /* PBXContainerItemProxy */ = {
			isa = PBXContainerItemProxy;
			containerPortal = 95E8716829850D4D00096049 /* Project object */;
			proxyType = 1;
			remoteGlobalIDString = 95E8716F29850D4D00096049;
			remoteInfo = ArtBridge;
		};
		95E8718B29850D4E00096049 /* PBXContainerItemProxy */ = {
			isa = PBXContainerItemProxy;
			containerPortal = 95E8716829850D4D00096049 /* Project object */;
			proxyType = 1;
			remoteGlobalIDString = 95E8716F29850D4D00096049;
			remoteInfo = ArtBridge;
		};
/* End PBXContainerItemProxy section */

/* Begin PBXFileReference section */
		0228AF444884A0EFABB25354 /* Pods-ArtBridge.debug.xcconfig */ = {isa = PBXFileReference; includeInIndex = 1; lastKnownFileType = text.xcconfig; name = "Pods-ArtBridge.debug.xcconfig"; path = "Target Support Files/Pods-ArtBridge/Pods-ArtBridge.debug.xcconfig"; sourceTree = "<group>"; };
		09BFB2D5F2B5FD3FEFE7E89E /* Pods_ArtBridge_ArtBridgeUITests.framework */ = {isa = PBXFileReference; explicitFileType = wrapper.framework; includeInIndex = 0; path = Pods_ArtBridge_ArtBridgeUITests.framework; sourceTree = BUILT_PRODUCTS_DIR; };
		2080B2ABDBF18C7C3EA7B3BD /* Pods-ArtBridgeTests.release.xcconfig */ = {isa = PBXFileReference; includeInIndex = 1; lastKnownFileType = text.xcconfig; name = "Pods-ArtBridgeTests.release.xcconfig"; path = "Target Support Files/Pods-ArtBridgeTests/Pods-ArtBridgeTests.release.xcconfig"; sourceTree = "<group>"; };
		28A71B578528D16EECD35022 /* Pods-ArtBridge-ArtBridgeUITests.release.xcconfig */ = {isa = PBXFileReference; includeInIndex = 1; lastKnownFileType = text.xcconfig; name = "Pods-ArtBridge-ArtBridgeUITests.release.xcconfig"; path = "Target Support Files/Pods-ArtBridge-ArtBridgeUITests/Pods-ArtBridge-ArtBridgeUITests.release.xcconfig"; sourceTree = "<group>"; };
		3CCEA3EF7A29498311CD1F40 /* Pods-ArtBridgeTests.debug.xcconfig */ = {isa = PBXFileReference; includeInIndex = 1; lastKnownFileType = text.xcconfig; name = "Pods-ArtBridgeTests.debug.xcconfig"; path = "Target Support Files/Pods-ArtBridgeTests/Pods-ArtBridgeTests.debug.xcconfig"; sourceTree = "<group>"; };
		7E515B0D990FB714CAEAF079 /* Pods-ArtBridge-ArtBridgeUITests.debug.xcconfig */ = {isa = PBXFileReference; includeInIndex = 1; lastKnownFileType = text.xcconfig; name = "Pods-ArtBridge-ArtBridgeUITests.debug.xcconfig"; path = "Target Support Files/Pods-ArtBridge-ArtBridgeUITests/Pods-ArtBridge-ArtBridgeUITests.debug.xcconfig"; sourceTree = "<group>"; };
		7F869E1C777A8516FDCD13C0 /* Pods-ArtBridge.release.xcconfig */ = {isa = PBXFileReference; includeInIndex = 1; lastKnownFileType = text.xcconfig; name = "Pods-ArtBridge.release.xcconfig"; path = "Target Support Files/Pods-ArtBridge/Pods-ArtBridge.release.xcconfig"; sourceTree = "<group>"; };
		95035AEA29B3280100B6259D /* Info.plist */ = {isa = PBXFileReference; lastKnownFileType = text.plist.xml; path = Info.plist; sourceTree = "<group>"; };
		951492F729C715F2003BB8FC /* ProfileView.swift */ = {isa = PBXFileReference; lastKnownFileType = sourcecode.swift; path = ProfileView.swift; sourceTree = "<group>"; };
		951492FB29C763FF003BB8FC /* ProfileVM.swift */ = {isa = PBXFileReference; lastKnownFileType = sourcecode.swift; path = ProfileVM.swift; sourceTree = "<group>"; };
		9514931829C9E919003BB8FC /* ChatListView.swift */ = {isa = PBXFileReference; lastKnownFileType = sourcecode.swift; path = ChatListView.swift; sourceTree = "<group>"; };
		953587B129BF50C4006CBA19 /* UserService.swift */ = {isa = PBXFileReference; lastKnownFileType = sourcecode.swift; path = UserService.swift; sourceTree = "<group>"; };
		954ADC3F299B86C000C715F8 /* UserVM.swift */ = {isa = PBXFileReference; lastKnownFileType = sourcecode.swift; path = UserVM.swift; sourceTree = "<group>"; };
		9561FC61298D25D900DFFB8A /* BoardListView.swift */ = {isa = PBXFileReference; lastKnownFileType = sourcecode.swift; path = BoardListView.swift; sourceTree = "<group>"; };
		9573B470299224D800732B70 /* RegisterView.swift */ = {isa = PBXFileReference; lastKnownFileType = sourcecode.swift; path = RegisterView.swift; sourceTree = "<group>"; };
		9579BE39299105B100785E2E /* BoardEditView.swift */ = {isa = PBXFileReference; lastKnownFileType = sourcecode.swift; path = BoardEditView.swift; sourceTree = "<group>"; };
		957BF9DE2987DC9D007D9367 /* MyPageView.swift */ = {isa = PBXFileReference; lastKnownFileType = sourcecode.swift; path = MyPageView.swift; sourceTree = "<group>"; };
		957E46772985E3F200B61B12 /* LoginView.swift */ = {isa = PBXFileReference; lastKnownFileType = sourcecode.swift; path = LoginView.swift; sourceTree = "<group>"; };
		957E46872987A18900B61B12 /* PrevPostsView.swift */ = {isa = PBXFileReference; lastKnownFileType = sourcecode.swift; path = PrevPostsView.swift; sourceTree = "<group>"; };
		9582210929CAC74D009964FD /* DateManager.swift */ = {isa = PBXFileReference; lastKnownFileType = sourcecode.swift; path = DateManager.swift; sourceTree = "<group>"; };
		959A806E299E67AF00D0EDAF /* ChatData.swift */ = {isa = PBXFileReference; lastKnownFileType = sourcecode.swift; path = ChatData.swift; sourceTree = "<group>"; };
		959A8076299E7B4C00D0EDAF /* AuthVM.swift */ = {isa = PBXFileReference; lastKnownFileType = sourcecode.swift; path = AuthVM.swift; sourceTree = "<group>"; };
		95A1ADEF29C9EC7D00BDA25C /* ChatListVM.swift */ = {isa = PBXFileReference; lastKnownFileType = sourcecode.swift; path = ChatListVM.swift; sourceTree = "<group>"; };
		95A1ADF129C9ED5A00BDA25C /* ChatRoom.swift */ = {isa = PBXFileReference; lastKnownFileType = sourcecode.swift; path = ChatRoom.swift; sourceTree = "<group>"; };
		95A1ADF329C9F49A00BDA25C /* ChatView.swift */ = {isa = PBXFileReference; lastKnownFileType = sourcecode.swift; path = ChatView.swift; sourceTree = "<group>"; };
		95A1ADF529C9F79A00BDA25C /* ChatVM.swift */ = {isa = PBXFileReference; lastKnownFileType = sourcecode.swift; path = ChatVM.swift; sourceTree = "<group>"; };
		95A1ADF729C9FA1300BDA25C /* Message.swift */ = {isa = PBXFileReference; lastKnownFileType = sourcecode.swift; path = Message.swift; sourceTree = "<group>"; };
		95AC51DD29BB12A800F7CBED /* PostService.swift */ = {isa = PBXFileReference; lastKnownFileType = sourcecode.swift; path = PostService.swift; sourceTree = "<group>"; };
		95AC51DF29BB183400F7CBED /* Post.swift */ = {isa = PBXFileReference; lastKnownFileType = sourcecode.swift; path = Post.swift; sourceTree = "<group>"; };
		95AC51E129BB479700F7CBED /* User.swift */ = {isa = PBXFileReference; lastKnownFileType = sourcecode.swift; path = User.swift; sourceTree = "<group>"; };
		95AC51E329BB4C2600F7CBED /* ImageService.swift */ = {isa = PBXFileReference; lastKnownFileType = sourcecode.swift; path = ImageService.swift; sourceTree = "<group>"; };
		95AC51E529BB803400F7CBED /* LoadingIndicator.swift */ = {isa = PBXFileReference; lastKnownFileType = sourcecode.swift; path = LoadingIndicator.swift; sourceTree = "<group>"; };
		95B3903F2994F6120048B80A /* RegisterVM.swift */ = {isa = PBXFileReference; lastKnownFileType = sourcecode.swift; path = RegisterVM.swift; sourceTree = "<group>"; };
		95B39938298A5B0A00E7BD3D /* BoardView.swift */ = {isa = PBXFileReference; lastKnownFileType = sourcecode.swift; path = BoardView.swift; sourceTree = "<group>"; };
		95B39942298A5F0600E7BD3D /* PostVM.swift */ = {isa = PBXFileReference; lastKnownFileType = sourcecode.swift; path = PostVM.swift; sourceTree = "<group>"; };
		95C84D76298F858B0023C412 /* BoardCreateView.swift */ = {isa = PBXFileReference; lastKnownFileType = sourcecode.swift; path = BoardCreateView.swift; sourceTree = "<group>"; };
		95D993C329BEF5FF009C4FB4 /* GoogleService-Info.plist */ = {isa = PBXFileReference; fileEncoding = 4; lastKnownFileType = text.plist.xml; path = "GoogleService-Info.plist"; sourceTree = "<group>"; };
		95D993C529BEFC6A009C4FB4 /* Comment.swift */ = {isa = PBXFileReference; lastKnownFileType = sourcecode.swift; path = Comment.swift; sourceTree = "<group>"; };
		95E72DAB29C1979D002FDFA1 /* CommentEditView.swift */ = {isa = PBXFileReference; lastKnownFileType = sourcecode.swift; path = CommentEditView.swift; sourceTree = "<group>"; };
		95E8717029850D4D00096049 /* ArtBridge.app */ = {isa = PBXFileReference; explicitFileType = wrapper.application; includeInIndex = 0; path = ArtBridge.app; sourceTree = BUILT_PRODUCTS_DIR; };
		95E8717329850D4D00096049 /* ArtBridgeApp.swift */ = {isa = PBXFileReference; lastKnownFileType = sourcecode.swift; path = ArtBridgeApp.swift; sourceTree = "<group>"; };
		95E8717529850D4D00096049 /* ContentView.swift */ = {isa = PBXFileReference; lastKnownFileType = sourcecode.swift; path = ContentView.swift; sourceTree = "<group>"; };
		95E8717729850D4E00096049 /* Assets.xcassets */ = {isa = PBXFileReference; lastKnownFileType = folder.assetcatalog; path = Assets.xcassets; sourceTree = "<group>"; };
		95E8717A29850D4E00096049 /* Preview Assets.xcassets */ = {isa = PBXFileReference; lastKnownFileType = folder.assetcatalog; path = "Preview Assets.xcassets"; sourceTree = "<group>"; };
		95E8718029850D4E00096049 /* ArtBridgeTests.xctest */ = {isa = PBXFileReference; explicitFileType = wrapper.cfbundle; includeInIndex = 0; path = ArtBridgeTests.xctest; sourceTree = BUILT_PRODUCTS_DIR; };
		95E8718429850D4E00096049 /* ArtBridgeTests.swift */ = {isa = PBXFileReference; lastKnownFileType = sourcecode.swift; path = ArtBridgeTests.swift; sourceTree = "<group>"; };
		95E8718A29850D4E00096049 /* ArtBridgeUITests.xctest */ = {isa = PBXFileReference; explicitFileType = wrapper.cfbundle; includeInIndex = 0; path = ArtBridgeUITests.xctest; sourceTree = BUILT_PRODUCTS_DIR; };
		95E8718E29850D4E00096049 /* ArtBridgeUITests.swift */ = {isa = PBXFileReference; lastKnownFileType = sourcecode.swift; path = ArtBridgeUITests.swift; sourceTree = "<group>"; };
		95E8719029850D4E00096049 /* ArtBridgeUITestsLaunchTests.swift */ = {isa = PBXFileReference; lastKnownFileType = sourcecode.swift; path = ArtBridgeUITestsLaunchTests.swift; sourceTree = "<group>"; };
		95F617C929A8B3CC00C40E1C /* ImagePicker.swift */ = {isa = PBXFileReference; lastKnownFileType = sourcecode.swift; path = ImagePicker.swift; sourceTree = "<group>"; };
		C0A19C5A46F5B57938310974 /* Pods_ArtBridge.framework */ = {isa = PBXFileReference; explicitFileType = wrapper.framework; includeInIndex = 0; path = Pods_ArtBridge.framework; sourceTree = BUILT_PRODUCTS_DIR; };
		F06E197DBFE271768FEE19BD /* Pods_ArtBridgeTests.framework */ = {isa = PBXFileReference; explicitFileType = wrapper.framework; includeInIndex = 0; path = Pods_ArtBridgeTests.framework; sourceTree = BUILT_PRODUCTS_DIR; };
/* End PBXFileReference section */

/* Begin PBXFrameworksBuildPhase section */
		95E8716D29850D4D00096049 /* Frameworks */ = {
			isa = PBXFrameworksBuildPhase;
			buildActionMask = 2147483647;
			files = (
				F1A4D8CB3D56C0ED17F4B88D /* Pods_ArtBridge.framework in Frameworks */,
			);
			runOnlyForDeploymentPostprocessing = 0;
		};
		95E8717D29850D4E00096049 /* Frameworks */ = {
			isa = PBXFrameworksBuildPhase;
			buildActionMask = 2147483647;
			files = (
				84B6178D2717B738272B8152 /* Pods_ArtBridgeTests.framework in Frameworks */,
			);
			runOnlyForDeploymentPostprocessing = 0;
		};
		95E8718729850D4E00096049 /* Frameworks */ = {
			isa = PBXFrameworksBuildPhase;
			buildActionMask = 2147483647;
			files = (
				DF9A38B8B5C97FD97E28CF4C /* Pods_ArtBridge_ArtBridgeUITests.framework in Frameworks */,
			);
			runOnlyForDeploymentPostprocessing = 0;
		};
/* End PBXFrameworksBuildPhase section */

/* Begin PBXGroup section */
		4FE403F84280FB04AD4A2352 /* Frameworks */ = {
			isa = PBXGroup;
			children = (
				C0A19C5A46F5B57938310974 /* Pods_ArtBridge.framework */,
				09BFB2D5F2B5FD3FEFE7E89E /* Pods_ArtBridge_ArtBridgeUITests.framework */,
				F06E197DBFE271768FEE19BD /* Pods_ArtBridgeTests.framework */,
			);
			name = Frameworks;
			sourceTree = "<group>";
		};
		77574ED4CF3C2AAED23738C3 /* Pods */ = {
			isa = PBXGroup;
			children = (
				0228AF444884A0EFABB25354 /* Pods-ArtBridge.debug.xcconfig */,
				7F869E1C777A8516FDCD13C0 /* Pods-ArtBridge.release.xcconfig */,
				7E515B0D990FB714CAEAF079 /* Pods-ArtBridge-ArtBridgeUITests.debug.xcconfig */,
				28A71B578528D16EECD35022 /* Pods-ArtBridge-ArtBridgeUITests.release.xcconfig */,
				3CCEA3EF7A29498311CD1F40 /* Pods-ArtBridgeTests.debug.xcconfig */,
				2080B2ABDBF18C7C3EA7B3BD /* Pods-ArtBridgeTests.release.xcconfig */,
			);
			path = Pods;
			sourceTree = "<group>";
		};
		951492F429C715C9003BB8FC /* Profile */ = {
			isa = PBXGroup;
			children = (
				951492F529C715D4003BB8FC /* ViewModels */,
				951492F629C715DC003BB8FC /* Views */,
			);
			path = Profile;
			sourceTree = "<group>";
		};
		951492F529C715D4003BB8FC /* ViewModels */ = {
			isa = PBXGroup;
			children = (
				951492FB29C763FF003BB8FC /* ProfileVM.swift */,
			);
			path = ViewModels;
			sourceTree = "<group>";
		};
		951492F629C715DC003BB8FC /* Views */ = {
			isa = PBXGroup;
			children = (
				951492F729C715F2003BB8FC /* ProfileView.swift */,
			);
			path = Views;
			sourceTree = "<group>";
		};
		9514931629C9E8FE003BB8FC /* Chat */ = {
			isa = PBXGroup;
			children = (
				95A1ADEE29C9EC7200BDA25C /* ViewModels */,
				9514931729C9E909003BB8FC /* Views */,
			);
			path = Chat;
			sourceTree = "<group>";
		};
		9514931729C9E909003BB8FC /* Views */ = {
			isa = PBXGroup;
			children = (
				9514931829C9E919003BB8FC /* ChatListView.swift */,
				95A1ADF329C9F49A00BDA25C /* ChatView.swift */,
			);
			path = Views;
			sourceTree = "<group>";
		};
		957BF9E02987DD46007D9367 /* MyPage */ = {
			isa = PBXGroup;
			children = (
				95AC51D329BB10B200F7CBED /* ViewModels */,
				95AC51D229BB10A800F7CBED /* Views */,
			);
			path = MyPage;
			sourceTree = "<group>";
		};
		957E46792985EEB900B61B12 /* Core */ = {
			isa = PBXGroup;
			children = (
				9514931629C9E8FE003BB8FC /* Chat */,
				951492F429C715C9003BB8FC /* Profile */,
				957E46892987A1CF00B61B12 /* Post */,
				957BF9E02987DD46007D9367 /* MyPage */,
				957E468C2987A20100B61B12 /* Authentication */,
			);
			path = Core;
			sourceTree = "<group>";
		};
		957E46802986E3A500B61B12 /* Model */ = {
			isa = PBXGroup;
			children = (
				959A806E299E67AF00D0EDAF /* ChatData.swift */,
				95AC51DF29BB183400F7CBED /* Post.swift */,
				95AC51E129BB479700F7CBED /* User.swift */,
				95D993C529BEFC6A009C4FB4 /* Comment.swift */,
				95A1ADF129C9ED5A00BDA25C /* ChatRoom.swift */,
				95A1ADF729C9FA1300BDA25C /* Message.swift */,
			);
			path = Model;
			sourceTree = "<group>";
		};
		957E46892987A1CF00B61B12 /* Post */ = {
			isa = PBXGroup;
			children = (
				95AC51D729BB10E700F7CBED /* ViewModels */,
				95AC51D629BB10DC00F7CBED /* Views */,
			);
			path = Post;
			sourceTree = "<group>";
		};
		957E468C2987A20100B61B12 /* Authentication */ = {
			isa = PBXGroup;
			children = (
				95AC51D529BB10CD00F7CBED /* ViewModels */,
				95AC51D429BB10BD00F7CBED /* Views */,
			);
			path = Authentication;
			sourceTree = "<group>";
		};
		95A1ADEE29C9EC7200BDA25C /* ViewModels */ = {
			isa = PBXGroup;
			children = (
				95A1ADEF29C9EC7D00BDA25C /* ChatListVM.swift */,
				95A1ADF529C9F79A00BDA25C /* ChatVM.swift */,
			);
			path = ViewModels;
			sourceTree = "<group>";
		};
		95AC51D229BB10A800F7CBED /* Views */ = {
			isa = PBXGroup;
			children = (
				957BF9DE2987DC9D007D9367 /* MyPageView.swift */,
			);
			path = Views;
			sourceTree = "<group>";
		};
		95AC51D329BB10B200F7CBED /* ViewModels */ = {
			isa = PBXGroup;
			children = (
			);
			path = ViewModels;
			sourceTree = "<group>";
		};
		95AC51D429BB10BD00F7CBED /* Views */ = {
			isa = PBXGroup;
			children = (
				957E46772985E3F200B61B12 /* LoginView.swift */,
				9573B470299224D800732B70 /* RegisterView.swift */,
			);
			path = Views;
			sourceTree = "<group>";
		};
		95AC51D529BB10CD00F7CBED /* ViewModels */ = {
			isa = PBXGroup;
			children = (
				959A8076299E7B4C00D0EDAF /* AuthVM.swift */,
				95B3903F2994F6120048B80A /* RegisterVM.swift */,
				954ADC3F299B86C000C715F8 /* UserVM.swift */,
			);
			path = ViewModels;
			sourceTree = "<group>";
		};
		95AC51D629BB10DC00F7CBED /* Views */ = {
			isa = PBXGroup;
			children = (
				957E46872987A18900B61B12 /* PrevPostsView.swift */,
				9561FC61298D25D900DFFB8A /* BoardListView.swift */,
				95B39938298A5B0A00E7BD3D /* BoardView.swift */,
				95C84D76298F858B0023C412 /* BoardCreateView.swift */,
				9579BE39299105B100785E2E /* BoardEditView.swift */,
				95E72DAB29C1979D002FDFA1 /* CommentEditView.swift */,
			);
			path = Views;
			sourceTree = "<group>";
		};
		95AC51D729BB10E700F7CBED /* ViewModels */ = {
			isa = PBXGroup;
			children = (
				95B39942298A5F0600E7BD3D /* PostVM.swift */,
			);
			path = ViewModels;
			sourceTree = "<group>";
		};
		95AC51DB29BB118E00F7CBED /* Utils */ = {
			isa = PBXGroup;
			children = (
				95F617C929A8B3CC00C40E1C /* ImagePicker.swift */,
				95AC51E529BB803400F7CBED /* LoadingIndicator.swift */,
				9582210929CAC74D009964FD /* DateManager.swift */,
			);
			path = Utils;
			sourceTree = "<group>";
		};
		95AC51DC29BB11CA00F7CBED /* Service */ = {
			isa = PBXGroup;
			children = (
				95AC51DD29BB12A800F7CBED /* PostService.swift */,
				95AC51E329BB4C2600F7CBED /* ImageService.swift */,
				953587B129BF50C4006CBA19 /* UserService.swift */,
			);
			path = Service;
			sourceTree = "<group>";
		};
		95E8716729850D4D00096049 = {
			isa = PBXGroup;
			children = (
				95E8717229850D4D00096049 /* ArtBridge */,
				95E8718329850D4E00096049 /* ArtBridgeTests */,
				95E8718D29850D4E00096049 /* ArtBridgeUITests */,
				95E8717129850D4D00096049 /* Products */,
				77574ED4CF3C2AAED23738C3 /* Pods */,
				4FE403F84280FB04AD4A2352 /* Frameworks */,
			);
			sourceTree = "<group>";
		};
		95E8717129850D4D00096049 /* Products */ = {
			isa = PBXGroup;
			children = (
				95E8717029850D4D00096049 /* ArtBridge.app */,
				95E8718029850D4E00096049 /* ArtBridgeTests.xctest */,
				95E8718A29850D4E00096049 /* ArtBridgeUITests.xctest */,
			);
			name = Products;
			sourceTree = "<group>";
		};
		95E8717229850D4D00096049 /* ArtBridge */ = {
			isa = PBXGroup;
			children = (
				95035AEA29B3280100B6259D /* Info.plist */,
				95D993C329BEF5FF009C4FB4 /* GoogleService-Info.plist */,
				95E8717729850D4E00096049 /* Assets.xcassets */,
				95E8717329850D4D00096049 /* ArtBridgeApp.swift */,
				95E8717529850D4D00096049 /* ContentView.swift */,
				95AC51DB29BB118E00F7CBED /* Utils */,
				95AC51DC29BB11CA00F7CBED /* Service */,
				957E46792985EEB900B61B12 /* Core */,
				957E46802986E3A500B61B12 /* Model */,
				95E8717929850D4E00096049 /* Preview Content */,
			);
			path = ArtBridge;
			sourceTree = "<group>";
		};
		95E8717929850D4E00096049 /* Preview Content */ = {
			isa = PBXGroup;
			children = (
				95E8717A29850D4E00096049 /* Preview Assets.xcassets */,
			);
			path = "Preview Content";
			sourceTree = "<group>";
		};
		95E8718329850D4E00096049 /* ArtBridgeTests */ = {
			isa = PBXGroup;
			children = (
				95E8718429850D4E00096049 /* ArtBridgeTests.swift */,
			);
			path = ArtBridgeTests;
			sourceTree = "<group>";
		};
		95E8718D29850D4E00096049 /* ArtBridgeUITests */ = {
			isa = PBXGroup;
			children = (
				95E8718E29850D4E00096049 /* ArtBridgeUITests.swift */,
				95E8719029850D4E00096049 /* ArtBridgeUITestsLaunchTests.swift */,
			);
			path = ArtBridgeUITests;
			sourceTree = "<group>";
		};
/* End PBXGroup section */

/* Begin PBXNativeTarget section */
		95E8716F29850D4D00096049 /* ArtBridge */ = {
			isa = PBXNativeTarget;
			buildConfigurationList = 95E8719429850D4E00096049 /* Build configuration list for PBXNativeTarget "ArtBridge" */;
			buildPhases = (
				FFCEDB8B07EAF15B555645F5 /* [CP] Check Pods Manifest.lock */,
				95E8716C29850D4D00096049 /* Sources */,
				95E8716D29850D4D00096049 /* Frameworks */,
				95E8716E29850D4D00096049 /* Resources */,
				C7A591D0C22CC0C5E3A24BE7 /* [CP] Embed Pods Frameworks */,
			);
			buildRules = (
			);
			dependencies = (
			);
			name = ArtBridge;
			productName = ArtBridge;
			productReference = 95E8717029850D4D00096049 /* ArtBridge.app */;
			productType = "com.apple.product-type.application";
		};
		95E8717F29850D4E00096049 /* ArtBridgeTests */ = {
			isa = PBXNativeTarget;
			buildConfigurationList = 95E8719729850D4E00096049 /* Build configuration list for PBXNativeTarget "ArtBridgeTests" */;
			buildPhases = (
				89BB65EAECB13D9DA4C50EE7 /* [CP] Check Pods Manifest.lock */,
				95E8717C29850D4E00096049 /* Sources */,
				95E8717D29850D4E00096049 /* Frameworks */,
				95E8717E29850D4E00096049 /* Resources */,
			);
			buildRules = (
			);
			dependencies = (
				95E8718229850D4E00096049 /* PBXTargetDependency */,
			);
			name = ArtBridgeTests;
			productName = ArtBridgeTests;
			productReference = 95E8718029850D4E00096049 /* ArtBridgeTests.xctest */;
			productType = "com.apple.product-type.bundle.unit-test";
		};
		95E8718929850D4E00096049 /* ArtBridgeUITests */ = {
			isa = PBXNativeTarget;
			buildConfigurationList = 95E8719A29850D4E00096049 /* Build configuration list for PBXNativeTarget "ArtBridgeUITests" */;
			buildPhases = (
				5EED12ABD85809114308D53D /* [CP] Check Pods Manifest.lock */,
				95E8718629850D4E00096049 /* Sources */,
				95E8718729850D4E00096049 /* Frameworks */,
				95E8718829850D4E00096049 /* Resources */,
				C74D4DB929DC97CC0B6D9053 /* [CP] Embed Pods Frameworks */,
			);
			buildRules = (
			);
			dependencies = (
				95E8718C29850D4E00096049 /* PBXTargetDependency */,
			);
			name = ArtBridgeUITests;
			productName = ArtBridgeUITests;
			productReference = 95E8718A29850D4E00096049 /* ArtBridgeUITests.xctest */;
			productType = "com.apple.product-type.bundle.ui-testing";
		};
/* End PBXNativeTarget section */

/* Begin PBXProject section */
		95E8716829850D4D00096049 /* Project object */ = {
			isa = PBXProject;
			attributes = {
				BuildIndependentTargetsInParallel = 1;
				LastSwiftUpdateCheck = 1420;
				LastUpgradeCheck = 1420;
				TargetAttributes = {
					95E8716F29850D4D00096049 = {
						CreatedOnToolsVersion = 14.2;
					};
					95E8717F29850D4E00096049 = {
						CreatedOnToolsVersion = 14.2;
						TestTargetID = 95E8716F29850D4D00096049;
					};
					95E8718929850D4E00096049 = {
						CreatedOnToolsVersion = 14.2;
						TestTargetID = 95E8716F29850D4D00096049;
					};
				};
			};
			buildConfigurationList = 95E8716B29850D4D00096049 /* Build configuration list for PBXProject "ArtBridge" */;
			compatibilityVersion = "Xcode 14.0";
			developmentRegion = en;
			hasScannedForEncodings = 0;
			knownRegions = (
				en,
				Base,
			);
			mainGroup = 95E8716729850D4D00096049;
			productRefGroup = 95E8717129850D4D00096049 /* Products */;
			projectDirPath = "";
			projectRoot = "";
			targets = (
				95E8716F29850D4D00096049 /* ArtBridge */,
				95E8717F29850D4E00096049 /* ArtBridgeTests */,
				95E8718929850D4E00096049 /* ArtBridgeUITests */,
			);
		};
/* End PBXProject section */

/* Begin PBXResourcesBuildPhase section */
		95E8716E29850D4D00096049 /* Resources */ = {
			isa = PBXResourcesBuildPhase;
			buildActionMask = 2147483647;
			files = (
				95E8717B29850D4E00096049 /* Preview Assets.xcassets in Resources */,
				95D993C429BEF5FF009C4FB4 /* GoogleService-Info.plist in Resources */,
				95E8717829850D4E00096049 /* Assets.xcassets in Resources */,
			);
			runOnlyForDeploymentPostprocessing = 0;
		};
		95E8717E29850D4E00096049 /* Resources */ = {
			isa = PBXResourcesBuildPhase;
			buildActionMask = 2147483647;
			files = (
			);
			runOnlyForDeploymentPostprocessing = 0;
		};
		95E8718829850D4E00096049 /* Resources */ = {
			isa = PBXResourcesBuildPhase;
			buildActionMask = 2147483647;
			files = (
			);
			runOnlyForDeploymentPostprocessing = 0;
		};
/* End PBXResourcesBuildPhase section */

/* Begin PBXShellScriptBuildPhase section */
		5EED12ABD85809114308D53D /* [CP] Check Pods Manifest.lock */ = {
			isa = PBXShellScriptBuildPhase;
			buildActionMask = 2147483647;
			files = (
			);
			inputFileListPaths = (
			);
			inputPaths = (
				"${PODS_PODFILE_DIR_PATH}/Podfile.lock",
				"${PODS_ROOT}/Manifest.lock",
			);
			name = "[CP] Check Pods Manifest.lock";
			outputFileListPaths = (
			);
			outputPaths = (
				"$(DERIVED_FILE_DIR)/Pods-ArtBridge-ArtBridgeUITests-checkManifestLockResult.txt",
			);
			runOnlyForDeploymentPostprocessing = 0;
			shellPath = /bin/sh;
			shellScript = "diff \"${PODS_PODFILE_DIR_PATH}/Podfile.lock\" \"${PODS_ROOT}/Manifest.lock\" > /dev/null\nif [ $? != 0 ] ; then\n    # print error to STDERR\n    echo \"error: The sandbox is not in sync with the Podfile.lock. Run 'pod install' or update your CocoaPods installation.\" >&2\n    exit 1\nfi\n# This output is used by Xcode 'outputs' to avoid re-running this script phase.\necho \"SUCCESS\" > \"${SCRIPT_OUTPUT_FILE_0}\"\n";
			showEnvVarsInLog = 0;
		};
		89BB65EAECB13D9DA4C50EE7 /* [CP] Check Pods Manifest.lock */ = {
			isa = PBXShellScriptBuildPhase;
			buildActionMask = 2147483647;
			files = (
			);
			inputFileListPaths = (
			);
			inputPaths = (
				"${PODS_PODFILE_DIR_PATH}/Podfile.lock",
				"${PODS_ROOT}/Manifest.lock",
			);
			name = "[CP] Check Pods Manifest.lock";
			outputFileListPaths = (
			);
			outputPaths = (
				"$(DERIVED_FILE_DIR)/Pods-ArtBridgeTests-checkManifestLockResult.txt",
			);
			runOnlyForDeploymentPostprocessing = 0;
			shellPath = /bin/sh;
			shellScript = "diff \"${PODS_PODFILE_DIR_PATH}/Podfile.lock\" \"${PODS_ROOT}/Manifest.lock\" > /dev/null\nif [ $? != 0 ] ; then\n    # print error to STDERR\n    echo \"error: The sandbox is not in sync with the Podfile.lock. Run 'pod install' or update your CocoaPods installation.\" >&2\n    exit 1\nfi\n# This output is used by Xcode 'outputs' to avoid re-running this script phase.\necho \"SUCCESS\" > \"${SCRIPT_OUTPUT_FILE_0}\"\n";
			showEnvVarsInLog = 0;
		};
		C74D4DB929DC97CC0B6D9053 /* [CP] Embed Pods Frameworks */ = {
			isa = PBXShellScriptBuildPhase;
			buildActionMask = 2147483647;
			files = (
			);
			inputFileListPaths = (
				"${PODS_ROOT}/Target Support Files/Pods-ArtBridge-ArtBridgeUITests/Pods-ArtBridge-ArtBridgeUITests-frameworks-${CONFIGURATION}-input-files.xcfilelist",
			);
			name = "[CP] Embed Pods Frameworks";
			outputFileListPaths = (
				"${PODS_ROOT}/Target Support Files/Pods-ArtBridge-ArtBridgeUITests/Pods-ArtBridge-ArtBridgeUITests-frameworks-${CONFIGURATION}-output-files.xcfilelist",
			);
			runOnlyForDeploymentPostprocessing = 0;
			shellPath = /bin/sh;
			shellScript = "\"${PODS_ROOT}/Target Support Files/Pods-ArtBridge-ArtBridgeUITests/Pods-ArtBridge-ArtBridgeUITests-frameworks.sh\"\n";
			showEnvVarsInLog = 0;
		};
		C7A591D0C22CC0C5E3A24BE7 /* [CP] Embed Pods Frameworks */ = {
			isa = PBXShellScriptBuildPhase;
			buildActionMask = 2147483647;
			files = (
			);
			inputFileListPaths = (
				"${PODS_ROOT}/Target Support Files/Pods-ArtBridge/Pods-ArtBridge-frameworks-${CONFIGURATION}-input-files.xcfilelist",
			);
			name = "[CP] Embed Pods Frameworks";
			outputFileListPaths = (
				"${PODS_ROOT}/Target Support Files/Pods-ArtBridge/Pods-ArtBridge-frameworks-${CONFIGURATION}-output-files.xcfilelist",
			);
			runOnlyForDeploymentPostprocessing = 0;
			shellPath = /bin/sh;
			shellScript = "\"${PODS_ROOT}/Target Support Files/Pods-ArtBridge/Pods-ArtBridge-frameworks.sh\"\n";
			showEnvVarsInLog = 0;
		};
		FFCEDB8B07EAF15B555645F5 /* [CP] Check Pods Manifest.lock */ = {
			isa = PBXShellScriptBuildPhase;
			buildActionMask = 2147483647;
			files = (
			);
			inputFileListPaths = (
			);
			inputPaths = (
				"${PODS_PODFILE_DIR_PATH}/Podfile.lock",
				"${PODS_ROOT}/Manifest.lock",
			);
			name = "[CP] Check Pods Manifest.lock";
			outputFileListPaths = (
			);
			outputPaths = (
				"$(DERIVED_FILE_DIR)/Pods-ArtBridge-checkManifestLockResult.txt",
			);
			runOnlyForDeploymentPostprocessing = 0;
			shellPath = /bin/sh;
			shellScript = "diff \"${PODS_PODFILE_DIR_PATH}/Podfile.lock\" \"${PODS_ROOT}/Manifest.lock\" > /dev/null\nif [ $? != 0 ] ; then\n    # print error to STDERR\n    echo \"error: The sandbox is not in sync with the Podfile.lock. Run 'pod install' or update your CocoaPods installation.\" >&2\n    exit 1\nfi\n# This output is used by Xcode 'outputs' to avoid re-running this script phase.\necho \"SUCCESS\" > \"${SCRIPT_OUTPUT_FILE_0}\"\n";
			showEnvVarsInLog = 0;
		};
/* End PBXShellScriptBuildPhase section */

/* Begin PBXSourcesBuildPhase section */
		95E8716C29850D4D00096049 /* Sources */ = {
			isa = PBXSourcesBuildPhase;
			buildActionMask = 2147483647;
			files = (
				95F617CA29A8B3CC00C40E1C /* ImagePicker.swift in Sources */,
				951492F829C715F2003BB8FC /* ProfileView.swift in Sources */,
				95A1ADF029C9EC7D00BDA25C /* ChatListVM.swift in Sources */,
				9582210A29CAC74D009964FD /* DateManager.swift in Sources */,
				957E46782985E3F200B61B12 /* LoginView.swift in Sources */,
				95A1ADF229C9ED5A00BDA25C /* ChatRoom.swift in Sources */,
				957BF9DF2987DC9D007D9367 /* MyPageView.swift in Sources */,
				95E8717629850D4D00096049 /* ContentView.swift in Sources */,
				95D993C629BEFC6A009C4FB4 /* Comment.swift in Sources */,
				9579BE3A299105B100785E2E /* BoardEditView.swift in Sources */,
				95B39943298A5F0600E7BD3D /* PostVM.swift in Sources */,
				95C84D77298F858B0023C412 /* BoardCreateView.swift in Sources */,
				953587B229BF50C4006CBA19 /* UserService.swift in Sources */,
				95E72DAC29C1979D002FDFA1 /* CommentEditView.swift in Sources */,
				95A1ADF829C9FA1300BDA25C /* Message.swift in Sources */,
				9573B471299224D800732B70 /* RegisterView.swift in Sources */,
				954ADC40299B86C000C715F8 /* UserVM.swift in Sources */,
				95AC51E629BB803400F7CBED /* LoadingIndicator.swift in Sources */,
				95B390402994F6120048B80A /* RegisterVM.swift in Sources */,
				9561FC62298D25D900DFFB8A /* BoardListView.swift in Sources */,
				95E8717429850D4D00096049 /* ArtBridgeApp.swift in Sources */,
				959A8077299E7B4C00D0EDAF /* AuthVM.swift in Sources */,
				95AC51E229BB479700F7CBED /* User.swift in Sources */,
				95B39939298A5B0A00E7BD3D /* BoardView.swift in Sources */,
				95A1ADF429C9F49A00BDA25C /* ChatView.swift in Sources */,
				951492FC29C763FF003BB8FC /* ProfileVM.swift in Sources */,
				95AC51E429BB4C2600F7CBED /* ImageService.swift in Sources */,
				9514931929C9E919003BB8FC /* ChatListView.swift in Sources */,
				95AC51E029BB183400F7CBED /* Post.swift in Sources */,
				959A806F299E67AF00D0EDAF /* ChatData.swift in Sources */,
				957E46882987A18900B61B12 /* PrevPostsView.swift in Sources */,
				95A1ADF629C9F79A00BDA25C /* ChatVM.swift in Sources */,
				95AC51DE29BB12A800F7CBED /* PostService.swift in Sources */,
			);
			runOnlyForDeploymentPostprocessing = 0;
		};
		95E8717C29850D4E00096049 /* Sources */ = {
			isa = PBXSourcesBuildPhase;
			buildActionMask = 2147483647;
			files = (
				95E8718529850D4E00096049 /* ArtBridgeTests.swift in Sources */,
			);
			runOnlyForDeploymentPostprocessing = 0;
		};
		95E8718629850D4E00096049 /* Sources */ = {
			isa = PBXSourcesBuildPhase;
			buildActionMask = 2147483647;
			files = (
				95E8718F29850D4E00096049 /* ArtBridgeUITests.swift in Sources */,
				95E8719129850D4E00096049 /* ArtBridgeUITestsLaunchTests.swift in Sources */,
			);
			runOnlyForDeploymentPostprocessing = 0;
		};
/* End PBXSourcesBuildPhase section */

/* Begin PBXTargetDependency section */
		95E8718229850D4E00096049 /* PBXTargetDependency */ = {
			isa = PBXTargetDependency;
			target = 95E8716F29850D4D00096049 /* ArtBridge */;
			targetProxy = 95E8718129850D4E00096049 /* PBXContainerItemProxy */;
		};
		95E8718C29850D4E00096049 /* PBXTargetDependency */ = {
			isa = PBXTargetDependency;
			target = 95E8716F29850D4D00096049 /* ArtBridge */;
			targetProxy = 95E8718B29850D4E00096049 /* PBXContainerItemProxy */;
		};
/* End PBXTargetDependency section */

/* Begin XCBuildConfiguration section */
		95E8719229850D4E00096049 /* Debug */ = {
			isa = XCBuildConfiguration;
			buildSettings = {
				ALWAYS_SEARCH_USER_PATHS = NO;
				CLANG_ANALYZER_NONNULL = YES;
				CLANG_ANALYZER_NUMBER_OBJECT_CONVERSION = YES_AGGRESSIVE;
				CLANG_CXX_LANGUAGE_STANDARD = "gnu++20";
				CLANG_ENABLE_MODULES = YES;
				CLANG_ENABLE_OBJC_ARC = YES;
				CLANG_ENABLE_OBJC_WEAK = YES;
				CLANG_WARN_BLOCK_CAPTURE_AUTORELEASING = YES;
				CLANG_WARN_BOOL_CONVERSION = YES;
				CLANG_WARN_COMMA = YES;
				CLANG_WARN_CONSTANT_CONVERSION = YES;
				CLANG_WARN_DEPRECATED_OBJC_IMPLEMENTATIONS = YES;
				CLANG_WARN_DIRECT_OBJC_ISA_USAGE = YES_ERROR;
				CLANG_WARN_DOCUMENTATION_COMMENTS = YES;
				CLANG_WARN_EMPTY_BODY = YES;
				CLANG_WARN_ENUM_CONVERSION = YES;
				CLANG_WARN_INFINITE_RECURSION = YES;
				CLANG_WARN_INT_CONVERSION = YES;
				CLANG_WARN_NON_LITERAL_NULL_CONVERSION = YES;
				CLANG_WARN_OBJC_IMPLICIT_RETAIN_SELF = YES;
				CLANG_WARN_OBJC_LITERAL_CONVERSION = YES;
				CLANG_WARN_OBJC_ROOT_CLASS = YES_ERROR;
				CLANG_WARN_QUOTED_INCLUDE_IN_FRAMEWORK_HEADER = YES;
				CLANG_WARN_RANGE_LOOP_ANALYSIS = YES;
				CLANG_WARN_STRICT_PROTOTYPES = YES;
				CLANG_WARN_SUSPICIOUS_MOVE = YES;
				CLANG_WARN_UNGUARDED_AVAILABILITY = YES_AGGRESSIVE;
				CLANG_WARN_UNREACHABLE_CODE = YES;
				CLANG_WARN__DUPLICATE_METHOD_MATCH = YES;
				COPY_PHASE_STRIP = NO;
				DEBUG_INFORMATION_FORMAT = dwarf;
				ENABLE_STRICT_OBJC_MSGSEND = YES;
				ENABLE_TESTABILITY = YES;
				GCC_C_LANGUAGE_STANDARD = gnu11;
				GCC_DYNAMIC_NO_PIC = NO;
				GCC_NO_COMMON_BLOCKS = YES;
				GCC_OPTIMIZATION_LEVEL = 0;
				GCC_PREPROCESSOR_DEFINITIONS = (
					"DEBUG=1",
					"$(inherited)",
				);
				GCC_WARN_64_TO_32_BIT_CONVERSION = YES;
				GCC_WARN_ABOUT_RETURN_TYPE = YES_ERROR;
				GCC_WARN_UNDECLARED_SELECTOR = YES;
				GCC_WARN_UNINITIALIZED_AUTOS = YES_AGGRESSIVE;
				GCC_WARN_UNUSED_FUNCTION = YES;
				GCC_WARN_UNUSED_VARIABLE = YES;
				IPHONEOS_DEPLOYMENT_TARGET = 16.2;
				MTL_ENABLE_DEBUG_INFO = INCLUDE_SOURCE;
				MTL_FAST_MATH = YES;
				ONLY_ACTIVE_ARCH = YES;
				SDKROOT = iphoneos;
				SWIFT_ACTIVE_COMPILATION_CONDITIONS = DEBUG;
				SWIFT_OPTIMIZATION_LEVEL = "-Onone";
			};
			name = Debug;
		};
		95E8719329850D4E00096049 /* Release */ = {
			isa = XCBuildConfiguration;
			buildSettings = {
				ALWAYS_SEARCH_USER_PATHS = NO;
				CLANG_ANALYZER_NONNULL = YES;
				CLANG_ANALYZER_NUMBER_OBJECT_CONVERSION = YES_AGGRESSIVE;
				CLANG_CXX_LANGUAGE_STANDARD = "gnu++20";
				CLANG_ENABLE_MODULES = YES;
				CLANG_ENABLE_OBJC_ARC = YES;
				CLANG_ENABLE_OBJC_WEAK = YES;
				CLANG_WARN_BLOCK_CAPTURE_AUTORELEASING = YES;
				CLANG_WARN_BOOL_CONVERSION = YES;
				CLANG_WARN_COMMA = YES;
				CLANG_WARN_CONSTANT_CONVERSION = YES;
				CLANG_WARN_DEPRECATED_OBJC_IMPLEMENTATIONS = YES;
				CLANG_WARN_DIRECT_OBJC_ISA_USAGE = YES_ERROR;
				CLANG_WARN_DOCUMENTATION_COMMENTS = YES;
				CLANG_WARN_EMPTY_BODY = YES;
				CLANG_WARN_ENUM_CONVERSION = YES;
				CLANG_WARN_INFINITE_RECURSION = YES;
				CLANG_WARN_INT_CONVERSION = YES;
				CLANG_WARN_NON_LITERAL_NULL_CONVERSION = YES;
				CLANG_WARN_OBJC_IMPLICIT_RETAIN_SELF = YES;
				CLANG_WARN_OBJC_LITERAL_CONVERSION = YES;
				CLANG_WARN_OBJC_ROOT_CLASS = YES_ERROR;
				CLANG_WARN_QUOTED_INCLUDE_IN_FRAMEWORK_HEADER = YES;
				CLANG_WARN_RANGE_LOOP_ANALYSIS = YES;
				CLANG_WARN_STRICT_PROTOTYPES = YES;
				CLANG_WARN_SUSPICIOUS_MOVE = YES;
				CLANG_WARN_UNGUARDED_AVAILABILITY = YES_AGGRESSIVE;
				CLANG_WARN_UNREACHABLE_CODE = YES;
				CLANG_WARN__DUPLICATE_METHOD_MATCH = YES;
				COPY_PHASE_STRIP = NO;
				DEBUG_INFORMATION_FORMAT = "dwarf-with-dsym";
				ENABLE_NS_ASSERTIONS = NO;
				ENABLE_STRICT_OBJC_MSGSEND = YES;
				GCC_C_LANGUAGE_STANDARD = gnu11;
				GCC_NO_COMMON_BLOCKS = YES;
				GCC_WARN_64_TO_32_BIT_CONVERSION = YES;
				GCC_WARN_ABOUT_RETURN_TYPE = YES_ERROR;
				GCC_WARN_UNDECLARED_SELECTOR = YES;
				GCC_WARN_UNINITIALIZED_AUTOS = YES_AGGRESSIVE;
				GCC_WARN_UNUSED_FUNCTION = YES;
				GCC_WARN_UNUSED_VARIABLE = YES;
				IPHONEOS_DEPLOYMENT_TARGET = 16.2;
				MTL_ENABLE_DEBUG_INFO = NO;
				MTL_FAST_MATH = YES;
				SDKROOT = iphoneos;
				SWIFT_COMPILATION_MODE = wholemodule;
				SWIFT_OPTIMIZATION_LEVEL = "-O";
				VALIDATE_PRODUCT = YES;
			};
			name = Release;
		};
		95E8719529850D4E00096049 /* Debug */ = {
			isa = XCBuildConfiguration;
			baseConfigurationReference = 0228AF444884A0EFABB25354 /* Pods-ArtBridge.debug.xcconfig */;
			buildSettings = {
				ASSETCATALOG_COMPILER_APPICON_NAME = AppIcon;
				ASSETCATALOG_COMPILER_GLOBAL_ACCENT_COLOR_NAME = AccentColor;
				CODE_SIGN_STYLE = Automatic;
				CURRENT_PROJECT_VERSION = 1;
				DEVELOPMENT_ASSET_PATHS = "\"ArtBridge/Preview Content\"";
				DEVELOPMENT_TEAM = K988K33886;
				ENABLE_PREVIEWS = YES;
				GENERATE_INFOPLIST_FILE = YES;
				INFOPLIST_FILE = ArtBridge/Info.plist;
				INFOPLIST_KEY_UIApplicationSceneManifest_Generation = YES;
				INFOPLIST_KEY_UIApplicationSupportsIndirectInputEvents = YES;
				INFOPLIST_KEY_UILaunchScreen_Generation = YES;
				INFOPLIST_KEY_UISupportedInterfaceOrientations_iPad = "UIInterfaceOrientationPortrait UIInterfaceOrientationPortraitUpsideDown UIInterfaceOrientationLandscapeLeft UIInterfaceOrientationLandscapeRight";
				INFOPLIST_KEY_UISupportedInterfaceOrientations_iPhone = "UIInterfaceOrientationPortrait UIInterfaceOrientationLandscapeLeft UIInterfaceOrientationLandscapeRight";
				IPHONEOS_DEPLOYMENT_TARGET = 15.0;
				LD_RUNPATH_SEARCH_PATHS = (
					"$(inherited)",
					"@executable_path/Frameworks",
				);
				MARKETING_VERSION = 1.0;
				PRODUCT_BUNDLE_IDENTIFIER = ChangGyuKim.ArtBridge;
				PRODUCT_NAME = "$(TARGET_NAME)";
				SWIFT_EMIT_LOC_STRINGS = YES;
				SWIFT_VERSION = 5.0;
				TARGETED_DEVICE_FAMILY = "1,2";
			};
			name = Debug;
		};
		95E8719629850D4E00096049 /* Release */ = {
			isa = XCBuildConfiguration;
			baseConfigurationReference = 7F869E1C777A8516FDCD13C0 /* Pods-ArtBridge.release.xcconfig */;
			buildSettings = {
				ASSETCATALOG_COMPILER_APPICON_NAME = AppIcon;
				ASSETCATALOG_COMPILER_GLOBAL_ACCENT_COLOR_NAME = AccentColor;
				CODE_SIGN_STYLE = Automatic;
				CURRENT_PROJECT_VERSION = 1;
				DEVELOPMENT_ASSET_PATHS = "\"ArtBridge/Preview Content\"";
				DEVELOPMENT_TEAM = K988K33886;
				ENABLE_PREVIEWS = YES;
				GENERATE_INFOPLIST_FILE = YES;
				INFOPLIST_FILE = ArtBridge/Info.plist;
				INFOPLIST_KEY_UIApplicationSceneManifest_Generation = YES;
				INFOPLIST_KEY_UIApplicationSupportsIndirectInputEvents = YES;
				INFOPLIST_KEY_UILaunchScreen_Generation = YES;
				INFOPLIST_KEY_UISupportedInterfaceOrientations_iPad = "UIInterfaceOrientationPortrait UIInterfaceOrientationPortraitUpsideDown UIInterfaceOrientationLandscapeLeft UIInterfaceOrientationLandscapeRight";
				INFOPLIST_KEY_UISupportedInterfaceOrientations_iPhone = "UIInterfaceOrientationPortrait UIInterfaceOrientationLandscapeLeft UIInterfaceOrientationLandscapeRight";
				IPHONEOS_DEPLOYMENT_TARGET = 15.0;
				LD_RUNPATH_SEARCH_PATHS = (
					"$(inherited)",
					"@executable_path/Frameworks",
				);
				MARKETING_VERSION = 1.0;
				PRODUCT_BUNDLE_IDENTIFIER = ChangGyuKim.ArtBridge;
				PRODUCT_NAME = "$(TARGET_NAME)";
				SWIFT_EMIT_LOC_STRINGS = YES;
				SWIFT_VERSION = 5.0;
				TARGETED_DEVICE_FAMILY = "1,2";
			};
			name = Release;
		};
		95E8719829850D4E00096049 /* Debug */ = {
			isa = XCBuildConfiguration;
			baseConfigurationReference = 3CCEA3EF7A29498311CD1F40 /* Pods-ArtBridgeTests.debug.xcconfig */;
			buildSettings = {
				ALWAYS_EMBED_SWIFT_STANDARD_LIBRARIES = YES;
				BUNDLE_LOADER = "$(TEST_HOST)";
				CODE_SIGN_STYLE = Automatic;
				CURRENT_PROJECT_VERSION = 1;
				DEVELOPMENT_TEAM = K988K33886;
				GENERATE_INFOPLIST_FILE = YES;
				IPHONEOS_DEPLOYMENT_TARGET = 16.2;
				MARKETING_VERSION = 1.0;
				PRODUCT_BUNDLE_IDENTIFIER = ChangGyuKim.ArtBridgeTests;
				PRODUCT_NAME = "$(TARGET_NAME)";
				SWIFT_EMIT_LOC_STRINGS = NO;
				SWIFT_VERSION = 5.0;
				TARGETED_DEVICE_FAMILY = "1,2";
				TEST_HOST = "$(BUILT_PRODUCTS_DIR)/ArtBridge.app/$(BUNDLE_EXECUTABLE_FOLDER_PATH)/ArtBridge";
			};
			name = Debug;
		};
		95E8719929850D4E00096049 /* Release */ = {
			isa = XCBuildConfiguration;
			baseConfigurationReference = 2080B2ABDBF18C7C3EA7B3BD /* Pods-ArtBridgeTests.release.xcconfig */;
			buildSettings = {
				ALWAYS_EMBED_SWIFT_STANDARD_LIBRARIES = YES;
				BUNDLE_LOADER = "$(TEST_HOST)";
				CODE_SIGN_STYLE = Automatic;
				CURRENT_PROJECT_VERSION = 1;
				DEVELOPMENT_TEAM = K988K33886;
				GENERATE_INFOPLIST_FILE = YES;
				IPHONEOS_DEPLOYMENT_TARGET = 16.2;
				MARKETING_VERSION = 1.0;
				PRODUCT_BUNDLE_IDENTIFIER = ChangGyuKim.ArtBridgeTests;
				PRODUCT_NAME = "$(TARGET_NAME)";
				SWIFT_EMIT_LOC_STRINGS = NO;
				SWIFT_VERSION = 5.0;
				TARGETED_DEVICE_FAMILY = "1,2";
				TEST_HOST = "$(BUILT_PRODUCTS_DIR)/ArtBridge.app/$(BUNDLE_EXECUTABLE_FOLDER_PATH)/ArtBridge";
			};
			name = Release;
		};
		95E8719B29850D4E00096049 /* Debug */ = {
			isa = XCBuildConfiguration;
			baseConfigurationReference = 7E515B0D990FB714CAEAF079 /* Pods-ArtBridge-ArtBridgeUITests.debug.xcconfig */;
			buildSettings = {
				ALWAYS_EMBED_SWIFT_STANDARD_LIBRARIES = YES;
				CODE_SIGN_STYLE = Automatic;
				CURRENT_PROJECT_VERSION = 1;
				DEVELOPMENT_TEAM = K988K33886;
				GENERATE_INFOPLIST_FILE = YES;
				MARKETING_VERSION = 1.0;
				PRODUCT_BUNDLE_IDENTIFIER = ChangGyuKim.ArtBridgeUITests;
				PRODUCT_NAME = "$(TARGET_NAME)";
				SWIFT_EMIT_LOC_STRINGS = NO;
				SWIFT_VERSION = 5.0;
				TARGETED_DEVICE_FAMILY = "1,2";
				TEST_TARGET_NAME = ArtBridge;
			};
			name = Debug;
		};
		95E8719C29850D4E00096049 /* Release */ = {
			isa = XCBuildConfiguration;
			baseConfigurationReference = 28A71B578528D16EECD35022 /* Pods-ArtBridge-ArtBridgeUITests.release.xcconfig */;
			buildSettings = {
				ALWAYS_EMBED_SWIFT_STANDARD_LIBRARIES = YES;
				CODE_SIGN_STYLE = Automatic;
				CURRENT_PROJECT_VERSION = 1;
				DEVELOPMENT_TEAM = K988K33886;
				GENERATE_INFOPLIST_FILE = YES;
				MARKETING_VERSION = 1.0;
				PRODUCT_BUNDLE_IDENTIFIER = ChangGyuKim.ArtBridgeUITests;
				PRODUCT_NAME = "$(TARGET_NAME)";
				SWIFT_EMIT_LOC_STRINGS = NO;
				SWIFT_VERSION = 5.0;
				TARGETED_DEVICE_FAMILY = "1,2";
				TEST_TARGET_NAME = ArtBridge;
			};
			name = Release;
		};
/* End XCBuildConfiguration section */

/* Begin XCConfigurationList section */
		95E8716B29850D4D00096049 /* Build configuration list for PBXProject "ArtBridge" */ = {
			isa = XCConfigurationList;
			buildConfigurations = (
				95E8719229850D4E00096049 /* Debug */,
				95E8719329850D4E00096049 /* Release */,
			);
			defaultConfigurationIsVisible = 0;
			defaultConfigurationName = Release;
		};
		95E8719429850D4E00096049 /* Build configuration list for PBXNativeTarget "ArtBridge" */ = {
			isa = XCConfigurationList;
			buildConfigurations = (
				95E8719529850D4E00096049 /* Debug */,
				95E8719629850D4E00096049 /* Release */,
			);
			defaultConfigurationIsVisible = 0;
			defaultConfigurationName = Release;
		};
		95E8719729850D4E00096049 /* Build configuration list for PBXNativeTarget "ArtBridgeTests" */ = {
			isa = XCConfigurationList;
			buildConfigurations = (
				95E8719829850D4E00096049 /* Debug */,
				95E8719929850D4E00096049 /* Release */,
			);
			defaultConfigurationIsVisible = 0;
			defaultConfigurationName = Release;
		};
		95E8719A29850D4E00096049 /* Build configuration list for PBXNativeTarget "ArtBridgeUITests" */ = {
			isa = XCConfigurationList;
			buildConfigurations = (
				95E8719B29850D4E00096049 /* Debug */,
				95E8719C29850D4E00096049 /* Release */,
			);
			defaultConfigurationIsVisible = 0;
			defaultConfigurationName = Release;
		};
/* End XCConfigurationList section */
	};
	rootObject = 95E8716829850D4D00096049 /* Project object */;
}
